
Microsoft Visual Studio Solution File, Format Version 12.00
# Visual Studio Version 16
VisualStudioVersion = 16.0.28922.388
MinimumVisualStudioVersion = 10.0.40219.1
Project("{FAE04EC0-301F-11D3-BF4B-00C04F79EFBC}") = "foxsportsstats", "foxsportsstats\foxsportsstats.csproj", "{C2554607-8B94-4CEA-9F69-F07A6F81ADF3}"
EndProject
Global
	GlobalSection(SolutionConfigurationPlatforms) = preSolution
		Debug|Any CPU = Debug|Any CPU
		Release|Any CPU = Release|Any CPU
	EndGlobalSection
	GlobalSection(ProjectConfigurationPlatforms) = postSolution
		{C2554607-8B94-4CEA-9F69-F07A6F81ADF3}.Debug|Any CPU.ActiveCfg = Debug|Any CPU
		{C2554607-8B94-4CEA-9F69-F07A6F81ADF3}.Debug|Any CPU.Build.0 = Debug|Any CPU
		{C2554607-8B94-4CEA-9F69-F07A6F81ADF3}.Release|Any CPU.ActiveCfg = Release|Any CPU
		{C2554607-8B94-4CEA-9F69-F07A6F81ADF3}.Release|Any CPU.Build.0 = Release|Any CPU
	EndGlobalSection
	GlobalSection(SolutionProperties) = preSolution
		HideSolutionNode = FALSE
	EndGlobalSection
	GlobalSection(ExtensibilityGlobals) = postSolution
		SolutionGuid = {04D5E086-C866-4DDF-B9D7-FA54AAB0F3F0}
	EndGlobalSection
EndGlobal
